<?xml version="1.0" encoding="utf-8"?>
<Project ToolsVersion="4.0" xmlns="http://schemas.microsoft.com/developer/msbuild/2003">
  <ItemGroup>
    <ClInclude Include="fbx.h" />
    <ClInclude Include="linalg.h" />
    <ClInclude Include="opengl.h" />
    <ClInclude Include="data-types.h" />
  </ItemGroup>
  <ItemGroup>
    <ClCompile Include="fbx.cpp" />
    <ClCompile Include="opengl.cpp" />
    <ClCompile Include="data-types.cpp" />
  </ItemGroup>
</Project>