<?xml version="1.0" encoding="utf-8"?>
<Project ToolsVersion="4.0" xmlns="http://schemas.microsoft.com/developer/msbuild/2003">
  <ItemGroup>
    <ClCompile Include="example-game.cpp" />
  </ItemGroup>
  <ItemGroup>
    <Filter Include="shaders">
      <UniqueIdentifier>{e78330ba-19d6-41bd-8894-f8437d0bc732}</UniqueIdentifier>
    </Filter>
  </ItemGroup>
  <ItemGroup>
    <None Include="assets\scene.glsl">
      <Filter>shaders</Filter>
    </None>
    <None Include="assets\shader.frag">
      <Filter>shaders</Filter>
    </None>
    <None Include="assets\skybox.frag">
      <Filter>shaders</Filter>
    </None>
    <None Include="assets\skybox.vert">
      <Filter>shaders</Filter>
    </None>
    <None Include="assets\skinned.vert">
      <Filter>shaders</Filter>
    </None>
  </ItemGroup>
</Project>